
Microsoft Visual Studio Solution File, Format Version 12.00
# Visual Studio Version 17
VisualStudioVersion = 17.8.34330.188
MinimumVisualStudioVersion = 10.0.40219.1
Project("{FAE04EC0-301F-11D3-BF4B-00C04F79EFBC}") = "SystemZarzadzania_PM", "SystemZarzadzania_PM\SystemZarzadzania_PM.csproj", "{AC41ECF5-B925-4C0F-B782-8C099316B44D}"
EndProject
Global
	GlobalSection(SolutionConfigurationPlatforms) = preSolution
		Debug|Any CPU = Debug|Any CPU
		Release|Any CPU = Release|Any CPU
	EndGlobalSection
	GlobalSection(ProjectConfigurationPlatforms) = postSolution
		{AC41ECF5-B925-4C0F-B782-8C099316B44D}.Debug|Any CPU.ActiveCfg = Debug|Any CPU
		{AC41ECF5-B925-4C0F-B782-8C099316B44D}.Debug|Any CPU.Build.0 = Debug|Any CPU
		{AC41ECF5-B925-4C0F-B782-8C099316B44D}.Debug|Any CPU.Deploy.0 = Debug|Any CPU
		{AC41ECF5-B925-4C0F-B782-8C099316B44D}.Release|Any CPU.ActiveCfg = Release|Any CPU
		{AC41ECF5-B925-4C0F-B782-8C099316B44D}.Release|Any CPU.Build.0 = Release|Any CPU
		{AC41ECF5-B925-4C0F-B782-8C099316B44D}.Release|Any CPU.Deploy.0 = Release|Any CPU
	EndGlobalSection
	GlobalSection(SolutionProperties) = preSolution
		HideSolutionNode = FALSE
	EndGlobalSection
	GlobalSection(ExtensibilityGlobals) = postSolution
		SolutionGuid = {6977D2FD-0948-4A89-A7F5-4F037045EE65}
	EndGlobalSection
EndGlobal
